{
  "nodes": {
    "emacs-overlay": {
      "locked": {
        "lastModified": 1610440212,
        "narHash": "sha256-QJXkBOTPMuC1c3oZv8FExc/ZFluDHjvFW3WXgMDl570=",
        "owner": "nix-community",
        "repo": "emacs-overlay",
        "rev": "c1601895499d2fe2d036ce9c4bd5501558f671e8",
        "type": "github"
      },
      "original": {
        "owner": "nix-community",
        "repo": "emacs-overlay",
        "type": "github"
      }
    },
    "jdb": {
      "locked": {
        "narHash": "sha256-1iTyadRK2dsQ6aA8jZBb9h0vf1iZNYZaB8iDVckVwus=",
        "path": "/home/jdb/nixpkgs",
        "type": "path"
      },
      "original": {
        "path": "/home/jdb/nixpkgs",
        "type": "path"
      }
    },
    "nixos-hardware": {
      "locked": {
        "lastModified": 1610430373,
        "narHash": "sha256-2sTBiGl0z0B3VD2qMHIJtOGxOuftR0iiBSv30AhVWIw=",
        "owner": "nixos",
        "repo": "nixos-hardware",
        "rev": "874830945a65ad1134aff3a5aea0cdd2e1d914ab",
        "type": "github"
      },
      "original": {
        "owner": "nixos",
        "repo": "nixos-hardware",
        "type": "github"
      }
    },
    "nixpkgs": {
      "locked": {
        "lastModified": 1610219734,
        "narHash": "sha256-hCsGe2nDz+SX4uO+lj0qPVcSGZdt52R9Yk5MOYs4djw=",
        "owner": "nixos",
        "repo": "nixpkgs",
        "rev": "257cbbcd3ab7bd96f5d24d50adc807de7c82e06d",
        "type": "github"
      },
      "original": {
        "owner": "nixos",
        "ref": "nixos-unstable",
        "repo": "nixpkgs",
        "type": "github"
      }
    },
    "root": {
      "inputs": {
        "emacs-overlay": "emacs-overlay",
        "jdb": "jdb",
        "nixos-hardware": "nixos-hardware",
        "nixpkgs": "nixpkgs"
      }
    }
  },
  "root": "root",
  "version": 7
}
