{
  "nodes": {
    "emacs-overlay": {
      "locked": {
        "lastModified": 1648091610,
        "narHash": "sha256-cvELBSWoOYKtcSC9hlyit+QbQqu9G7pk085vTy8n30o=",
        "owner": "nix-community",
        "repo": "emacs-overlay",
        "rev": "c0f04f623ea142862dfc02bbda18a0685bb42e39",
        "type": "github"
      },
      "original": {
        "owner": "nix-community",
        "repo": "emacs-overlay",
        "type": "github"
      }
    },
    "flake-utils": {
      "locked": {
        "lastModified": 1631561581,
        "narHash": "sha256-3VQMV5zvxaVLvqqUrNz3iJelLw30mIVSfZmAaauM3dA=",
        "owner": "numtide",
        "repo": "flake-utils",
        "rev": "7e5bf3925f6fbdfaf50a2a7ca0be2879c4261d19",
        "type": "github"
      },
      "original": {
        "owner": "numtide",
        "repo": "flake-utils",
        "type": "github"
      }
    },
    "flake-utils_2": {
      "locked": {
        "lastModified": 1644229661,
        "narHash": "sha256-1YdnJAsNy69bpcjuoKdOYQX0YxZBiCYZo4Twxerqv7k=",
        "owner": "numtide",
        "repo": "flake-utils",
        "rev": "3cecb5b042f7f209c56ffd8371b2711a290ec797",
        "type": "github"
      },
      "original": {
        "owner": "numtide",
        "repo": "flake-utils",
        "type": "github"
      }
    },
    "flake-utils_3": {
      "locked": {
        "lastModified": 1634851050,
        "narHash": "sha256-N83GlSGPJJdcqhUxSCS/WwW5pksYf3VP1M13cDRTSVA=",
        "owner": "numtide",
        "repo": "flake-utils",
        "rev": "c91f3de5adaf1de973b797ef7485e441a65b8935",
        "type": "github"
      },
      "original": {
        "owner": "numtide",
        "repo": "flake-utils",
        "type": "github"
      }
    },
    "home-manager": {
      "inputs": {
        "nixpkgs": [
          "nixpkgs"
        ]
      },
      "locked": {
        "lastModified": 1648078876,
        "narHash": "sha256-oa3RA0Z0UwEZ1M5kQOT9oUVd4ew3XePOu2oDTenFd98=",
        "owner": "nix-community",
        "repo": "home-manager",
        "rev": "ac9404115362c901ffe5c5c215f76f74b79d5eda",
        "type": "github"
      },
      "original": {
        "owner": "nix-community",
        "repo": "home-manager",
        "type": "github"
      }
    },
    "jdb": {
      "locked": {
        "narHash": "sha256-W5F4/4fLOq4SnPbH5cfpXalj5gSLc1Oyh81NMhJH53I=",
        "path": "/home/jdb/nixpkgs",
        "type": "path"
      },
      "original": {
        "path": "/home/jdb/nixpkgs",
        "type": "path"
      }
    },
    "jsonnet-language-server": {
      "inputs": {
        "flake-utils": "flake-utils",
        "nixpkgs": "nixpkgs"
      },
      "locked": {
        "dir": "nix",
        "lastModified": 1647296706,
        "narHash": "sha256-wTq7YNX4HRFCadSzngKPW9NAUJOzHPSZuNYXJmKzwqw=",
        "owner": "grafana",
        "repo": "jsonnet-language-server",
        "rev": "9dc349600646716c8b26ebe138dce785d4610cb3",
        "type": "github"
      },
      "original": {
        "dir": "nix",
        "owner": "grafana",
        "ref": "main",
        "repo": "jsonnet-language-server",
        "type": "github"
      }
    },
    "kooky": {
      "inputs": {
        "flake-utils": "flake-utils_2",
        "nixpkgs": "nixpkgs_2"
      },
      "locked": {
        "lastModified": 1645261910,
        "narHash": "sha256-UtXxkirV1ijO2Z97khlNjcwemytVAww4PhHimeJzMxg=",
        "owner": "jdbaldry",
        "repo": "kooky",
        "rev": "f5421df30f4bfe049b0fcf5d1f46d80f171cb15a",
        "type": "github"
      },
      "original": {
        "owner": "jdbaldry",
        "repo": "kooky",
        "type": "github"
      }
    },
    "mobile-nixos": {
      "flake": false,
      "locked": {
        "lastModified": 1626818791,
        "narHash": "sha256-MRX5g8vAbBpqqlccNR9bOTbX+I18vOtOs8SvRccsszk=",
        "owner": "nixos",
        "repo": "mobile-nixos",
        "rev": "f0aee629bcd66694be70edcdb8fbc636091f3288",
        "type": "github"
      },
      "original": {
        "owner": "nixos",
        "repo": "mobile-nixos",
        "rev": "f0aee629bcd66694be70edcdb8fbc636091f3288",
        "type": "github"
      }
    },
    "mobile-nixos-nixpkgs": {
      "locked": {
        "lastModified": 1626643364,
        "narHash": "sha256-RuXbMt9X0j8g4t9i0m85XpbtM0ubzH92zpqZnyfHbG4=",
        "owner": "nixos",
        "repo": "nixpkgs",
        "rev": "967d40bec14be87262b21ab901dbace23b7365db",
        "type": "github"
      },
      "original": {
        "owner": "nixos",
        "repo": "nixpkgs",
        "rev": "967d40bec14be87262b21ab901dbace23b7365db",
        "type": "github"
      }
    },
    "nixos-hardware": {
      "locked": {
        "lastModified": 1648043664,
        "narHash": "sha256-ghIudBWl0lgRg77GqwSBEPo7v0HouOkqjF/Va4NljGA=",
        "owner": "nixos",
        "repo": "nixos-hardware",
        "rev": "c326257692902fe57d3d0f513ebf9c405ccd02ad",
        "type": "github"
      },
      "original": {
        "owner": "nixos",
        "repo": "nixos-hardware",
        "type": "github"
      }
    },
    "nixpkgs": {
      "locked": {
        "lastModified": 1633971123,
        "narHash": "sha256-WmI4NbH1IPGFWVkuBkKoYgOnxgwSfWDgdZplJlQ93vA=",
        "owner": "nixos",
        "repo": "nixpkgs",
        "rev": "e4ef597edfd8a0ba5f12362932fc9b1dd01a0aef",
        "type": "github"
      },
      "original": {
        "owner": "nixos",
        "ref": "nixos-unstable",
        "repo": "nixpkgs",
        "type": "github"
      }
    },
    "nixpkgs_2": {
      "locked": {
        "lastModified": 1644525281,
        "narHash": "sha256-D3VuWLdnLmAXIkooWAtbTGSQI9Fc1lkvAr94wTxhnTU=",
        "owner": "nixos",
        "repo": "nixpkgs",
        "rev": "48d63e924a2666baf37f4f14a18f19347fbd54a2",
        "type": "github"
      },
      "original": {
        "owner": "nixos",
        "ref": "nixos-unstable",
        "repo": "nixpkgs",
        "type": "github"
      }
    },
    "nixpkgs_3": {
      "locked": {
        "lastModified": 1647893727,
        "narHash": "sha256-pOi7VdCb+s5Cwh5CS7YEZVRgH9uCmE87J5W7iXv29Ck=",
        "owner": "nixos",
        "repo": "nixpkgs",
        "rev": "1ec61dd4167f04be8d05c45780818826132eea0d",
        "type": "github"
      },
      "original": {
        "owner": "nixos",
        "ref": "nixos-unstable",
        "repo": "nixpkgs",
        "type": "github"
      }
    },
    "nixpkgs_4": {
      "locked": {
        "lastModified": 1603791972,
        "narHash": "sha256-nj2SvACFH+NERpye1kudcuygCcvnsZYv26M2+wgM5vE=",
        "owner": "NixOS",
        "repo": "nixpkgs",
        "rev": "cd63096d6d887d689543a0b97743d28995bc9bc3",
        "type": "github"
      },
      "original": {
        "owner": "NixOS",
        "ref": "20.09",
        "repo": "nixpkgs",
        "type": "github"
      }
    },
    "root": {
      "inputs": {
        "emacs-overlay": "emacs-overlay",
        "home-manager": "home-manager",
        "jdb": "jdb",
        "jsonnet-language-server": "jsonnet-language-server",
        "kooky": "kooky",
        "mobile-nixos": "mobile-nixos",
        "mobile-nixos-nixpkgs": "mobile-nixos-nixpkgs",
        "nixos-hardware": "nixos-hardware",
        "nixpkgs": "nixpkgs_3",
        "snowball": "snowball"
      }
    },
    "snowball": {
      "inputs": {
        "flake-utils": "flake-utils_3",
        "nixpkgs": "nixpkgs_4"
      },
      "locked": {
        "lastModified": 1636470707,
        "narHash": "sha256-anAaieXdB1M5ClRcHs7NTIPml19FXx7FNY8jayQXh7Q=",
        "owner": "jdbaldry",
        "repo": "nixpkgs-snowball",
        "rev": "b2bbdebc93d97bf0ac30f1f61ad6d0eb0e34d4aa",
        "type": "github"
      },
      "original": {
        "owner": "jdbaldry",
        "repo": "nixpkgs-snowball",
        "type": "github"
      }
    }
  },
  "root": "root",
  "version": 7
}
