{
  "nodes": {
    "emacs-overlay": {
      "locked": {
        "lastModified": 1610928541,
        "narHash": "sha256-Gvatse4ecffv4Yo9KUYc8VuhBbMf7dd5k69Xhx8cT1U=",
        "owner": "nix-community",
        "repo": "emacs-overlay",
        "rev": "43e04abbb498176bfaac9633cf58870616371c4a",
        "type": "github"
      },
      "original": {
        "owner": "nix-community",
        "repo": "emacs-overlay",
        "type": "github"
      }
    },
    "jdb": {
      "locked": {
        "narHash": "sha256-1aDzSJOMK9ngXf+PbfMsCxGwjjmOy6JR0jLZqKKH/1E=",
        "path": "/home/jdb/nixpkgs",
        "type": "path"
      },
      "original": {
        "path": "/home/jdb/nixpkgs",
        "type": "path"
      }
    },
    "nixos-hardware": {
      "locked": {
        "lastModified": 1610430373,
        "narHash": "sha256-2sTBiGl0z0B3VD2qMHIJtOGxOuftR0iiBSv30AhVWIw=",
        "owner": "nixos",
        "repo": "nixos-hardware",
        "rev": "874830945a65ad1134aff3a5aea0cdd2e1d914ab",
        "type": "github"
      },
      "original": {
        "owner": "nixos",
        "repo": "nixos-hardware",
        "type": "github"
      }
    },
    "nixpkgs": {
      "locked": {
        "lastModified": 1610842533,
        "narHash": "sha256-6hW8CML8RnNrRJMv7E56rXAhsCNgUM97HIVSqWxnO64=",
        "owner": "nixos",
        "repo": "nixpkgs",
        "rev": "68398d2dd50efc2d878bf0f83bbc8bc323b6b0e0",
        "type": "github"
      },
      "original": {
        "owner": "nixos",
        "ref": "nixos-unstable",
        "repo": "nixpkgs",
        "type": "github"
      }
    },
    "root": {
      "inputs": {
        "emacs-overlay": "emacs-overlay",
        "jdb": "jdb",
        "nixos-hardware": "nixos-hardware",
        "nixpkgs": "nixpkgs"
      }
    }
  },
  "root": "root",
  "version": 7
}
